
Microsoft Visual Studio Solution File, Format Version 12.00
# Visual Studio Version 17
VisualStudioVersion = 17.11.35303.130
MinimumVisualStudioVersion = 10.0.40219.1
Project("{8BC9CEB8-8B4A-11D0-8D11-00A0C91BC942}") = "Lab11.2", "Lab11.2\Lab11.2.vcxproj", "{ED561F82-9F0C-4F17-9197-3D86DE4D0F04}"
EndProject
Project("{8BC9CEB8-8B4A-11D0-8D11-00A0C91BC942}") = "input.txt", "input.txt\input.txt.vcxproj", "{39D79C14-6808-4D4D-AC9F-BA0CA5569AB2}"
EndProject
Project("{8BC9CEB8-8B4A-11D0-8D11-00A0C91BC942}") = "UnitTest11.2", "UnitTest11.2\UnitTest11.2.vcxproj", "{76AB9597-CBC2-4C48-BBF6-697273813484}"
EndProject
Global
	GlobalSection(SolutionConfigurationPlatforms) = preSolution
		Debug|x64 = Debug|x64
		Debug|x86 = Debug|x86
		Release|x64 = Release|x64
		Release|x86 = Release|x86
	EndGlobalSection
	GlobalSection(ProjectConfigurationPlatforms) = postSolution
		{ED561F82-9F0C-4F17-9197-3D86DE4D0F04}.Debug|x64.ActiveCfg = Debug|x64
		{ED561F82-9F0C-4F17-9197-3D86DE4D0F04}.Debug|x64.Build.0 = Debug|x64
		{ED561F82-9F0C-4F17-9197-3D86DE4D0F04}.Debug|x86.ActiveCfg = Debug|Win32
		{ED561F82-9F0C-4F17-9197-3D86DE4D0F04}.Debug|x86.Build.0 = Debug|Win32
		{ED561F82-9F0C-4F17-9197-3D86DE4D0F04}.Release|x64.ActiveCfg = Release|x64
		{ED561F82-9F0C-4F17-9197-3D86DE4D0F04}.Release|x64.Build.0 = Release|x64
		{ED561F82-9F0C-4F17-9197-3D86DE4D0F04}.Release|x86.ActiveCfg = Release|Win32
		{ED561F82-9F0C-4F17-9197-3D86DE4D0F04}.Release|x86.Build.0 = Release|Win32
		{39D79C14-6808-4D4D-AC9F-BA0CA5569AB2}.Debug|x64.ActiveCfg = Debug|x64
		{39D79C14-6808-4D4D-AC9F-BA0CA5569AB2}.Debug|x64.Build.0 = Debug|x64
		{39D79C14-6808-4D4D-AC9F-BA0CA5569AB2}.Debug|x86.ActiveCfg = Debug|Win32
		{39D79C14-6808-4D4D-AC9F-BA0CA5569AB2}.Debug|x86.Build.0 = Debug|Win32
		{39D79C14-6808-4D4D-AC9F-BA0CA5569AB2}.Release|x64.ActiveCfg = Release|x64
		{39D79C14-6808-4D4D-AC9F-BA0CA5569AB2}.Release|x64.Build.0 = Release|x64
		{39D79C14-6808-4D4D-AC9F-BA0CA5569AB2}.Release|x86.ActiveCfg = Release|Win32
		{39D79C14-6808-4D4D-AC9F-BA0CA5569AB2}.Release|x86.Build.0 = Release|Win32
		{76AB9597-CBC2-4C48-BBF6-697273813484}.Debug|x64.ActiveCfg = Debug|x64
		{76AB9597-CBC2-4C48-BBF6-697273813484}.Debug|x64.Build.0 = Debug|x64
		{76AB9597-CBC2-4C48-BBF6-697273813484}.Debug|x86.ActiveCfg = Debug|Win32
		{76AB9597-CBC2-4C48-BBF6-697273813484}.Debug|x86.Build.0 = Debug|Win32
		{76AB9597-CBC2-4C48-BBF6-697273813484}.Release|x64.ActiveCfg = Release|x64
		{76AB9597-CBC2-4C48-BBF6-697273813484}.Release|x64.Build.0 = Release|x64
		{76AB9597-CBC2-4C48-BBF6-697273813484}.Release|x86.ActiveCfg = Release|Win32
		{76AB9597-CBC2-4C48-BBF6-697273813484}.Release|x86.Build.0 = Release|Win32
	EndGlobalSection
	GlobalSection(SolutionProperties) = preSolution
		HideSolutionNode = FALSE
	EndGlobalSection
	GlobalSection(ExtensibilityGlobals) = postSolution
		SolutionGuid = {A2C788DE-A672-4414-9709-E428D2AB0BB9}
	EndGlobalSection
EndGlobal
